# THIS IS AN AUTOGENERATED FILE. DO NOT EDIT THIS FILE DIRECTLY.
# yarn lockfile v1


"@types/graphql@0.12.6":
  version "0.12.6"
  resolved "https://registry.yarnpkg.com/@types/graphql/-/graphql-0.12.6.tgz#3d619198585fcabe5f4e1adfb5cf5f3388c66c13"

"@types/node@^9.4.6":
  version "9.6.14"
  resolved "https://registry.yarnpkg.com/@types/node/-/node-9.6.14.tgz#79b5167f822d5fb0fb2b5c92ca150391ae0f2542"

ansi-regex@^2.0.0:
  version "2.1.1"
  resolved "https://registry.yarnpkg.com/ansi-regex/-/ansi-regex-2.1.1.tgz#c3b33ab5ee360d86e0e628f0468ae7ef27d654df"

ansi-regex@^3.0.0:
  version "3.0.0"
  resolved "https://registry.yarnpkg.com/ansi-regex/-/ansi-regex-3.0.0.tgz#ed0317c322064f79466c02966bddb605ab37d998"

ansi-styles@^3.2.1:
  version "3.2.1"
  resolved "https://registry.yarnpkg.com/ansi-styles/-/ansi-styles-3.2.1.tgz#41fbb20243e50b12be0f04b8dedbf07520ce841d"
  dependencies:
    color-convert "^1.9.0"

apollo-link-error@1.0.7:
  version "1.0.7"
  resolved "https://registry.yarnpkg.com/apollo-link-error/-/apollo-link-error-1.0.7.tgz#df6d7b13e9b73f9a615547b65ec9a4c930ca7f18"
  dependencies:
    apollo-link "^1.2.1"

apollo-link-ws@1.0.7:
  version "1.0.7"
  resolved "https://registry.yarnpkg.com/apollo-link-ws/-/apollo-link-ws-1.0.7.tgz#6cc3903cbfbbefe213ea9fc8121f5fed3cef1823"
  dependencies:
    apollo-link "^1.2.1"

apollo-link@1.2.1:
  version "1.2.1"
  resolved "https://registry.yarnpkg.com/apollo-link/-/apollo-link-1.2.1.tgz#c120b16059f9bd93401b9f72b94d2f80f3f305d2"
  dependencies:
    "@types/node" "^9.4.6"
    apollo-utilities "^1.0.0"
    zen-observable-ts "^0.8.6"

apollo-link@^1.1.0, apollo-link@^1.2.1:
  version "1.2.2"
  resolved "https://registry.yarnpkg.com/apollo-link/-/apollo-link-1.2.2.tgz#54c84199b18ac1af8d63553a68ca389c05217a03"
  dependencies:
    "@types/graphql" "0.12.6"
    apollo-utilities "^1.0.0"
    zen-observable-ts "^0.8.9"

apollo-utilities@^1.0.0, apollo-utilities@^1.0.1:
  version "1.0.12"
  resolved "https://registry.yarnpkg.com/apollo-utilities/-/apollo-utilities-1.0.12.tgz#9e2b2a34cf89f3bf0d73a664effd8c1bb5d1b7f7"

arrify@^1.0.0:
  version "1.0.1"
  resolved "https://registry.yarnpkg.com/arrify/-/arrify-1.0.1.tgz#898508da2226f380df904728456849c1501a4b0d"

async-limiter@~1.0.0:
  version "1.0.0"
  resolved "https://registry.yarnpkg.com/async-limiter/-/async-limiter-1.0.0.tgz#78faed8c3d074ab81f22b4e985d79e8738f720f8"

backo2@^1.0.2:
  version "1.0.2"
  resolved "https://registry.yarnpkg.com/backo2/-/backo2-1.0.2.tgz#31ab1ac8b129363463e35b3ebb69f4dfcfba7947"

base64url@2.0.0, base64url@^2.0.0:
  version "2.0.0"
  resolved "https://registry.yarnpkg.com/base64url/-/base64url-2.0.0.tgz#eac16e03ea1438eff9423d69baa36262ed1f70bb"

buffer-equal-constant-time@1.0.1:
  version "1.0.1"
  resolved "https://registry.yarnpkg.com/buffer-equal-constant-time/-/buffer-equal-constant-time-1.0.1.tgz#f8e71132f7ffe6e01a5c9697a4c6f3e48d5cc819"

buffer-from@^1.0.0:
  version "1.0.0"
  resolved "https://registry.yarnpkg.com/buffer-from/-/buffer-from-1.0.0.tgz#4cb8832d23612589b0406e9e2956c17f06fdf531"

camelcase@^4.1.0:
  version "4.1.0"
  resolved "https://registry.yarnpkg.com/camelcase/-/camelcase-4.1.0.tgz#d545635be1e33c542649c69173e5de6acfae34dd"

chalk@^2.3.0:
  version "2.4.1"
  resolved "https://registry.yarnpkg.com/chalk/-/chalk-2.4.1.tgz#18c49ab16a037b6eb0152cc83e3471338215b66e"
  dependencies:
    ansi-styles "^3.2.1"
    escape-string-regexp "^1.0.5"
    supports-color "^5.3.0"

cliui@^4.0.0:
  version "4.1.0"
  resolved "https://registry.yarnpkg.com/cliui/-/cliui-4.1.0.tgz#348422dbe82d800b3022eef4f6ac10bf2e4d1b49"
  dependencies:
    string-width "^2.1.1"
    strip-ansi "^4.0.0"
    wrap-ansi "^2.0.0"

code-point-at@^1.0.0:
  version "1.1.0"
  resolved "https://registry.yarnpkg.com/code-point-at/-/code-point-at-1.1.0.tgz#0d070b4d043a5bea33a2f1a40e2edb3d9a4ccf77"

color-convert@^1.9.0:
  version "1.9.1"
  resolved "https://registry.yarnpkg.com/color-convert/-/color-convert-1.9.1.tgz#c1261107aeb2f294ebffec9ed9ecad529a6097ed"
  dependencies:
    color-name "^1.1.1"

color-name@^1.1.1:
  version "1.1.3"
  resolved "https://registry.yarnpkg.com/color-name/-/color-name-1.1.3.tgz#a7d0558bd89c42f795dd42328f740831ca53bc25"

cross-fetch@2.0.0:
  version "2.0.0"
  resolved "https://registry.yarnpkg.com/cross-fetch/-/cross-fetch-2.0.0.tgz#a17475449561e0f325146cea636a8619efb9b382"
  dependencies:
    node-fetch "2.0.0"
    whatwg-fetch "2.0.3"

cross-spawn@^5.0.1:
  version "5.1.0"
  resolved "https://registry.yarnpkg.com/cross-spawn/-/cross-spawn-5.1.0.tgz#e8bd0efee58fcff6f8f94510a0a554bbfa235449"
  dependencies:
    lru-cache "^4.0.1"
    shebang-command "^1.2.0"
    which "^1.2.9"

dataloader@^1.4.0:
  version "1.4.0"
  resolved "https://registry.yarnpkg.com/dataloader/-/dataloader-1.4.0.tgz#bca11d867f5d3f1b9ed9f737bd15970c65dff5c8"

decamelize@^1.1.1:
  version "1.2.0"
  resolved "https://registry.yarnpkg.com/decamelize/-/decamelize-1.2.0.tgz#f6534d15148269b20352e7bee26f501f9a191290"

deprecated-decorator@^0.1.6:
  version "0.1.6"
  resolved "https://registry.yarnpkg.com/deprecated-decorator/-/deprecated-decorator-0.1.6.tgz#00966317b7a12fe92f3cc831f7583af329b86c37"

diff@^3.1.0:
  version "3.5.0"
  resolved "https://registry.yarnpkg.com/diff/-/diff-3.5.0.tgz#800c0dd1e0a8bfbc95835c202ad220fe317e5a12"

ecdsa-sig-formatter@1.0.9:
  version "1.0.9"
  resolved "https://registry.yarnpkg.com/ecdsa-sig-formatter/-/ecdsa-sig-formatter-1.0.9.tgz#4bc926274ec3b5abb5016e7e1d60921ac262b2a1"
  dependencies:
    base64url "^2.0.0"
    safe-buffer "^5.0.1"

escape-string-regexp@^1.0.5:
  version "1.0.5"
  resolved "https://registry.yarnpkg.com/escape-string-regexp/-/escape-string-regexp-1.0.5.tgz#1b61c0562190a8dff6ae3bb2cf0200ca130b86d4"

eventemitter3@^2.0.3:
  version "2.0.3"
  resolved "https://registry.yarnpkg.com/eventemitter3/-/eventemitter3-2.0.3.tgz#b5e1079b59fb5e1ba2771c0a993be060a58c99ba"

execa@^0.7.0:
  version "0.7.0"
  resolved "https://registry.yarnpkg.com/execa/-/execa-0.7.0.tgz#944becd34cc41ee32a63a9faf27ad5a65fc59777"
  dependencies:
    cross-spawn "^5.0.1"
    get-stream "^3.0.0"
    is-stream "^1.1.0"
    npm-run-path "^2.0.0"
    p-finally "^1.0.0"
    signal-exit "^3.0.0"
    strip-eof "^1.0.0"

find-up@^2.1.0:
  version "2.1.0"
  resolved "https://registry.yarnpkg.com/find-up/-/find-up-2.1.0.tgz#45d1b7e506c717ddd482775a2b77920a3c0c57a7"
  dependencies:
    locate-path "^2.0.0"

get-caller-file@^1.0.1:
  version "1.0.2"
  resolved "https://registry.yarnpkg.com/get-caller-file/-/get-caller-file-1.0.2.tgz#f702e63127e7e231c160a80c1554acb70d5047e5"

get-stream@^3.0.0:
  version "3.0.0"
  resolved "https://registry.yarnpkg.com/get-stream/-/get-stream-3.0.0.tgz#8e943d1358dc37555054ecbe2edb05aa174ede14"

graphql-binding@1.2.5:
  version "1.2.5"
  resolved "https://registry.yarnpkg.com/graphql-binding/-/graphql-binding-1.2.5.tgz#1c45b9da055cb0722f0348b6354be2e11b0a8c17"
  dependencies:
    graphql-tools "2.21.0"
    iterall "1.2.2"

graphql-binding@^1.4.0-beta.6:
  version "1.4.0-beta.29"
  resolved "https://registry.yarnpkg.com/graphql-binding/-/graphql-binding-1.4.0-beta.29.tgz#87bffa7e5d6b215ab3ee189897dc20296d7c6b00"
  dependencies:
    graphql-import "^0.5.2"
    graphql-tools "3.0.0"
    iterall "1.2.2"
    object-path-immutable "^1.0.1"
    resolve-cwd "^2.0.0"
    ts-node "^6.0.2"
    yargs "^11.0.0"

graphql-import@0.4.5:
  version "0.4.5"
  resolved "https://registry.yarnpkg.com/graphql-import/-/graphql-import-0.4.5.tgz#e2f18c28d335733f46df8e0733d8deb1c6e2a645"
  dependencies:
    lodash "^4.17.4"

graphql-import@^0.5.2:
  version "0.5.2"
  resolved "https://registry.yarnpkg.com/graphql-import/-/graphql-import-0.5.2.tgz#d7e05dc07d2d66e8d8c4bd408650f9fdaeddb8f8"
  dependencies:
    lodash "^4.17.4"

graphql-tools@2.21.0:
  version "2.21.0"
  resolved "https://registry.yarnpkg.com/graphql-tools/-/graphql-tools-2.21.0.tgz#c0d0fbda6f40a87c8d267a2989ade2ae8b9a288e"
  dependencies:
    apollo-link "^1.1.0"
    apollo-utilities "^1.0.1"
    deprecated-decorator "^0.1.6"
    iterall "^1.1.3"
    uuid "^3.1.0"

graphql-tools@3.0.0:
  version "3.0.0"
  resolved "https://registry.yarnpkg.com/graphql-tools/-/graphql-tools-3.0.0.tgz#ff22ad15315fc268de8639d03936b911d78b9e9b"
  dependencies:
    apollo-link "1.2.1"
    apollo-utilities "^1.0.1"
    deprecated-decorator "^0.1.6"
    iterall "^1.1.3"
    uuid "^3.1.0"

graphql-tools@^3.0.0:
  version "3.0.1"
  resolved "https://registry.yarnpkg.com/graphql-tools/-/graphql-tools-3.0.1.tgz#456c27061fb2f1040f6bb7bf8a68459651090462"
  dependencies:
    apollo-link "1.2.1"
    apollo-utilities "^1.0.1"
    deprecated-decorator "^0.1.6"
    iterall "^1.1.3"
    uuid "^3.1.0"

graphql@^0.13.2:
  version "0.13.2"
  resolved "https://registry.yarnpkg.com/graphql/-/graphql-0.13.2.tgz#4c740ae3c222823e7004096f832e7b93b2108270"
  dependencies:
    iterall "^1.2.1"

has-flag@^3.0.0:
  version "3.0.0"
  resolved "https://registry.yarnpkg.com/has-flag/-/has-flag-3.0.0.tgz#b5d454dc2199ae225699f3467e5a07f3b955bafd"

http-link-dataloader@^0.1.2:
  version "0.1.3"
  resolved "https://registry.yarnpkg.com/http-link-dataloader/-/http-link-dataloader-0.1.3.tgz#23705749f141fce5f0720e7060e957482f91ad10"
  dependencies:
    apollo-link "^1.2.1"
    cross-fetch "2.0.0"
    dataloader "^1.4.0"

invert-kv@^1.0.0:
  version "1.0.0"
  resolved "https://registry.yarnpkg.com/invert-kv/-/invert-kv-1.0.0.tgz#104a8e4aaca6d3d8cd157a8ef8bfab2d7a3ffdb6"

is-fullwidth-code-point@^1.0.0:
  version "1.0.0"
  resolved "https://registry.yarnpkg.com/is-fullwidth-code-point/-/is-fullwidth-code-point-1.0.0.tgz#ef9e31386f031a7f0d643af82fde50c457ef00cb"
  dependencies:
    number-is-nan "^1.0.0"

is-fullwidth-code-point@^2.0.0:
  version "2.0.0"
  resolved "https://registry.yarnpkg.com/is-fullwidth-code-point/-/is-fullwidth-code-point-2.0.0.tgz#a3b30a5c4f199183167aaab93beefae3ddfb654f"

is-stream@^1.1.0:
  version "1.1.0"
  resolved "https://registry.yarnpkg.com/is-stream/-/is-stream-1.1.0.tgz#12d4a3dd4e68e0b79ceb8dbc84173ae80d91ca44"

isexe@^2.0.0:
  version "2.0.0"
  resolved "https://registry.yarnpkg.com/isexe/-/isexe-2.0.0.tgz#e8fbf374dc556ff8947a10dcb0572d633f2cfa10"

iterall@1.2.2, iterall@^1.1.3, iterall@^1.2.1:
  version "1.2.2"
  resolved "https://registry.yarnpkg.com/iterall/-/iterall-1.2.2.tgz#92d70deb8028e0c39ff3164fdbf4d8b088130cd7"

jsonwebtoken@^8.1.0:
  version "8.2.1"
  resolved "https://registry.yarnpkg.com/jsonwebtoken/-/jsonwebtoken-8.2.1.tgz#333ee39aa8f238f32fa41693e7a2fb7e42f82b31"
  dependencies:
    jws "^3.1.4"
    lodash.includes "^4.3.0"
    lodash.isboolean "^3.0.3"
    lodash.isinteger "^4.0.4"
    lodash.isnumber "^3.0.3"
    lodash.isplainobject "^4.0.6"
    lodash.isstring "^4.0.1"
    lodash.once "^4.0.0"
    ms "^2.1.1"
    xtend "^4.0.1"

jwa@^1.1.4:
  version "1.1.5"
  resolved "https://registry.yarnpkg.com/jwa/-/jwa-1.1.5.tgz#a0552ce0220742cd52e153774a32905c30e756e5"
  dependencies:
    base64url "2.0.0"
    buffer-equal-constant-time "1.0.1"
    ecdsa-sig-formatter "1.0.9"
    safe-buffer "^5.0.1"

jws@^3.1.4:
  version "3.1.4"
  resolved "https://registry.yarnpkg.com/jws/-/jws-3.1.4.tgz#f9e8b9338e8a847277d6444b1464f61880e050a2"
  dependencies:
    base64url "^2.0.0"
    jwa "^1.1.4"
    safe-buffer "^5.0.1"

lcid@^1.0.0:
  version "1.0.0"
  resolved "https://registry.yarnpkg.com/lcid/-/lcid-1.0.0.tgz#308accafa0bc483a3867b4b6f2b9506251d1b835"
  dependencies:
    invert-kv "^1.0.0"

locate-path@^2.0.0:
  version "2.0.0"
  resolved "https://registry.yarnpkg.com/locate-path/-/locate-path-2.0.0.tgz#2b568b265eec944c6d9c0de9c3dbbbca0354cd8e"
  dependencies:
    p-locate "^2.0.0"
    path-exists "^3.0.0"

lodash.assign@^4.2.0:
  version "4.2.0"
  resolved "https://registry.yarnpkg.com/lodash.assign/-/lodash.assign-4.2.0.tgz#0d99f3ccd7a6d261d19bdaeb9245005d285808e7"

lodash.includes@^4.3.0:
  version "4.3.0"
  resolved "https://registry.yarnpkg.com/lodash.includes/-/lodash.includes-4.3.0.tgz#60bb98a87cb923c68ca1e51325483314849f553f"

lodash.isboolean@^3.0.3:
  version "3.0.3"
  resolved "https://registry.yarnpkg.com/lodash.isboolean/-/lodash.isboolean-3.0.3.tgz#6c2e171db2a257cd96802fd43b01b20d5f5870f6"

lodash.isinteger@^4.0.4:
  version "4.0.4"
  resolved "https://registry.yarnpkg.com/lodash.isinteger/-/lodash.isinteger-4.0.4.tgz#619c0af3d03f8b04c31f5882840b77b11cd68343"

lodash.isnumber@^3.0.3:
  version "3.0.3"
  resolved "https://registry.yarnpkg.com/lodash.isnumber/-/lodash.isnumber-3.0.3.tgz#3ce76810c5928d03352301ac287317f11c0b1ffc"

lodash.isobject@^3.0.2:
  version "3.0.2"
  resolved "https://registry.yarnpkg.com/lodash.isobject/-/lodash.isobject-3.0.2.tgz#3c8fb8d5b5bf4bf90ae06e14f2a530a4ed935e1d"

lodash.isplainobject@^4.0.6:
  version "4.0.6"
  resolved "https://registry.yarnpkg.com/lodash.isplainobject/-/lodash.isplainobject-4.0.6.tgz#7c526a52d89b45c45cc690b88163be0497f550cb"

lodash.isstring@^4.0.1:
  version "4.0.1"
  resolved "https://registry.yarnpkg.com/lodash.isstring/-/lodash.isstring-4.0.1.tgz#d527dfb5456eca7cc9bb95d5daeaf88ba54a5451"

lodash.once@^4.0.0:
  version "4.1.1"
  resolved "https://registry.yarnpkg.com/lodash.once/-/lodash.once-4.1.1.tgz#0dd3971213c7c56df880977d504c88fb471a97ac"

lodash@^4.17.4:
  version "4.17.10"
  resolved "https://registry.yarnpkg.com/lodash/-/lodash-4.17.10.tgz#1b7793cf7259ea38fb3661d4d38b3260af8ae4e7"

lru-cache@^4.0.1:
  version "4.1.3"
  resolved "https://registry.yarnpkg.com/lru-cache/-/lru-cache-4.1.3.tgz#a1175cf3496dfc8436c156c334b4955992bce69c"
  dependencies:
    pseudomap "^1.0.2"
    yallist "^2.1.2"

make-error@^1.1.1:
  version "1.3.4"
  resolved "https://registry.yarnpkg.com/make-error/-/make-error-1.3.4.tgz#19978ed575f9e9545d2ff8c13e33b5d18a67d535"

mem@^1.1.0:
  version "1.1.0"
  resolved "https://registry.yarnpkg.com/mem/-/mem-1.1.0.tgz#5edd52b485ca1d900fe64895505399a0dfa45f76"
  dependencies:
    mimic-fn "^1.0.0"

mimic-fn@^1.0.0:
  version "1.2.0"
  resolved "https://registry.yarnpkg.com/mimic-fn/-/mimic-fn-1.2.0.tgz#820c86a39334640e99516928bd03fca88057d022"

minimist@0.0.8:
  version "0.0.8"
  resolved "https://registry.yarnpkg.com/minimist/-/minimist-0.0.8.tgz#857fcabfc3397d2625b8228262e86aa7a011b05d"

minimist@^1.2.0:
  version "1.2.0"
  resolved "https://registry.yarnpkg.com/minimist/-/minimist-1.2.0.tgz#a35008b20f41383eec1fb914f4cd5df79a264284"

mkdirp@^0.5.1:
  version "0.5.1"
  resolved "https://registry.yarnpkg.com/mkdirp/-/mkdirp-0.5.1.tgz#30057438eac6cf7f8c4767f38648d6697d75c903"
  dependencies:
    minimist "0.0.8"

ms@^2.1.1:
  version "2.1.1"
  resolved "https://registry.yarnpkg.com/ms/-/ms-2.1.1.tgz#30a5864eb3ebb0a66f2ebe6d727af06a09d86e0a"

node-fetch@2.0.0:
  version "2.0.0"
  resolved "https://registry.yarnpkg.com/node-fetch/-/node-fetch-2.0.0.tgz#982bba43ecd4f2922a29cc186a6bbb0bb73fcba6"

npm-run-path@^2.0.0:
  version "2.0.2"
  resolved "https://registry.yarnpkg.com/npm-run-path/-/npm-run-path-2.0.2.tgz#35a9232dfa35d7067b4cb2ddf2357b1871536c5f"
  dependencies:
    path-key "^2.0.0"

number-is-nan@^1.0.0:
  version "1.0.1"
  resolved "https://registry.yarnpkg.com/number-is-nan/-/number-is-nan-1.0.1.tgz#097b602b53422a522c1afb8790318336941a011d"

object-path-immutable@^1.0.1:
  version "1.0.2"
  resolved "https://registry.yarnpkg.com/object-path-immutable/-/object-path-immutable-1.0.2.tgz#e1e37ebca42b48b429cdc30b25c7a8fb658b0067"

os-locale@^2.0.0:
  version "2.1.0"
  resolved "https://registry.yarnpkg.com/os-locale/-/os-locale-2.1.0.tgz#42bc2900a6b5b8bd17376c8e882b65afccf24bf2"
  dependencies:
    execa "^0.7.0"
    lcid "^1.0.0"
    mem "^1.1.0"

p-finally@^1.0.0:
  version "1.0.0"
  resolved "https://registry.yarnpkg.com/p-finally/-/p-finally-1.0.0.tgz#3fbcfb15b899a44123b34b6dcc18b724336a2cae"

p-limit@^1.1.0:
  version "1.2.0"
  resolved "https://registry.yarnpkg.com/p-limit/-/p-limit-1.2.0.tgz#0e92b6bedcb59f022c13d0f1949dc82d15909f1c"
  dependencies:
    p-try "^1.0.0"

p-locate@^2.0.0:
  version "2.0.0"
  resolved "https://registry.yarnpkg.com/p-locate/-/p-locate-2.0.0.tgz#20a0103b222a70c8fd39cc2e580680f3dde5ec43"
  dependencies:
    p-limit "^1.1.0"

p-try@^1.0.0:
  version "1.0.0"
  resolved "https://registry.yarnpkg.com/p-try/-/p-try-1.0.0.tgz#cbc79cdbaf8fd4228e13f621f2b1a237c1b207b3"

path-exists@^3.0.0:
  version "3.0.0"
  resolved "https://registry.yarnpkg.com/path-exists/-/path-exists-3.0.0.tgz#ce0ebeaa5f78cb18925ea7d810d7b59b010fd515"

path-key@^2.0.0:
  version "2.0.1"
  resolved "https://registry.yarnpkg.com/path-key/-/path-key-2.0.1.tgz#411cadb574c5a140d3a4b1910d40d80cc9f40b40"

prisma-binding@^1.5.18:
  version "1.5.19"
  resolved "https://registry.yarnpkg.com/prisma-binding/-/prisma-binding-1.5.19.tgz#4c6ba00dc6726fb62dc2cfe7050d47e0a60276c7"
  dependencies:
    apollo-link "1.2.1"
    apollo-link-error "1.0.7"
    apollo-link-ws "1.0.7"
    cross-fetch "2.0.0"
    graphql-binding "1.2.5"
    graphql-import "0.4.5"
    graphql-tools "2.21.0"
    http-link-dataloader "^0.1.2"
    jsonwebtoken "^8.1.0"
    subscriptions-transport-ws "0.9.9"

pseudomap@^1.0.2:
  version "1.0.2"
  resolved "https://registry.yarnpkg.com/pseudomap/-/pseudomap-1.0.2.tgz#f052a28da70e618917ef0a8ac34c1ae5a68286b3"

require-directory@^2.1.1:
  version "2.1.1"
  resolved "https://registry.yarnpkg.com/require-directory/-/require-directory-2.1.1.tgz#8c64ad5fd30dab1c976e2344ffe7f792a6a6df42"

require-main-filename@^1.0.1:
  version "1.0.1"
  resolved "https://registry.yarnpkg.com/require-main-filename/-/require-main-filename-1.0.1.tgz#97f717b69d48784f5f526a6c5aa8ffdda055a4d1"

resolve-cwd@^2.0.0:
  version "2.0.0"
  resolved "https://registry.yarnpkg.com/resolve-cwd/-/resolve-cwd-2.0.0.tgz#00a9f7387556e27038eae232caa372a6a59b665a"
  dependencies:
    resolve-from "^3.0.0"

resolve-from@^3.0.0:
  version "3.0.0"
  resolved "https://registry.yarnpkg.com/resolve-from/-/resolve-from-3.0.0.tgz#b22c7af7d9d6881bc8b6e653335eebcb0a188748"

safe-buffer@^5.0.1, safe-buffer@~5.1.0:
  version "5.1.2"
  resolved "https://registry.yarnpkg.com/safe-buffer/-/safe-buffer-5.1.2.tgz#991ec69d296e0313747d59bdfd2b745c35f8828d"

set-blocking@^2.0.0:
  version "2.0.0"
  resolved "https://registry.yarnpkg.com/set-blocking/-/set-blocking-2.0.0.tgz#045f9782d011ae9a6803ddd382b24392b3d890f7"

shebang-command@^1.2.0:
  version "1.2.0"
  resolved "https://registry.yarnpkg.com/shebang-command/-/shebang-command-1.2.0.tgz#44aac65b695b03398968c39f363fee5deafdf1ea"
  dependencies:
    shebang-regex "^1.0.0"

shebang-regex@^1.0.0:
  version "1.0.0"
  resolved "https://registry.yarnpkg.com/shebang-regex/-/shebang-regex-1.0.0.tgz#da42f49740c0b42db2ca9728571cb190c98efea3"

signal-exit@^3.0.0:
  version "3.0.2"
  resolved "https://registry.yarnpkg.com/signal-exit/-/signal-exit-3.0.2.tgz#b5fdc08f1287ea1178628e415e25132b73646c6d"

source-map-support@^0.5.3:
  version "0.5.5"
  resolved "https://registry.yarnpkg.com/source-map-support/-/source-map-support-0.5.5.tgz#0d4af9e00493e855402e8ec36ebed2d266fceb90"
  dependencies:
    buffer-from "^1.0.0"
    source-map "^0.6.0"

source-map@^0.6.0:
  version "0.6.1"
  resolved "https://registry.yarnpkg.com/source-map/-/source-map-0.6.1.tgz#74722af32e9614e9c287a8d0bbde48b5e2f1a263"

string-width@^1.0.1:
  version "1.0.2"
  resolved "https://registry.yarnpkg.com/string-width/-/string-width-1.0.2.tgz#118bdf5b8cdc51a2a7e70d211e07e2b0b9b107d3"
  dependencies:
    code-point-at "^1.0.0"
    is-fullwidth-code-point "^1.0.0"
    strip-ansi "^3.0.0"

string-width@^2.0.0, string-width@^2.1.1:
  version "2.1.1"
  resolved "https://registry.yarnpkg.com/string-width/-/string-width-2.1.1.tgz#ab93f27a8dc13d28cac815c462143a6d9012ae9e"
  dependencies:
    is-fullwidth-code-point "^2.0.0"
    strip-ansi "^4.0.0"

strip-ansi@^3.0.0, strip-ansi@^3.0.1:
  version "3.0.1"
  resolved "https://registry.yarnpkg.com/strip-ansi/-/strip-ansi-3.0.1.tgz#6a385fb8853d952d5ff05d0e8aaf94278dc63dcf"
  dependencies:
    ansi-regex "^2.0.0"

strip-ansi@^4.0.0:
  version "4.0.0"
  resolved "https://registry.yarnpkg.com/strip-ansi/-/strip-ansi-4.0.0.tgz#a8479022eb1ac368a871389b635262c505ee368f"
  dependencies:
    ansi-regex "^3.0.0"

strip-eof@^1.0.0:
  version "1.0.0"
  resolved "https://registry.yarnpkg.com/strip-eof/-/strip-eof-1.0.0.tgz#bb43ff5598a6eb05d89b59fcd129c983313606bf"

subscriptions-transport-ws@0.9.9:
  version "0.9.9"
  resolved "https://registry.yarnpkg.com/subscriptions-transport-ws/-/subscriptions-transport-ws-0.9.9.tgz#8a0bdc4c31df2e90e92901047fd8961deb138acc"
  dependencies:
    backo2 "^1.0.2"
    eventemitter3 "^2.0.3"
    iterall "^1.2.1"
    lodash.assign "^4.2.0"
    lodash.isobject "^3.0.2"
    lodash.isstring "^4.0.1"
    symbol-observable "^1.0.4"
    ws "^3.0.0"

supports-color@^5.3.0:
  version "5.4.0"
  resolved "https://registry.yarnpkg.com/supports-color/-/supports-color-5.4.0.tgz#1c6b337402c2137605efe19f10fec390f6faab54"
  dependencies:
    has-flag "^3.0.0"

symbol-observable@^1.0.4:
  version "1.2.0"
  resolved "https://registry.yarnpkg.com/symbol-observable/-/symbol-observable-1.2.0.tgz#c22688aed4eab3cdc2dfeacbb561660560a00804"

ts-node@^6.0.2:
  version "6.0.3"
  resolved "https://registry.yarnpkg.com/ts-node/-/ts-node-6.0.3.tgz#28bf74bcad134fad17f7469dad04638ece03f0f4"
  dependencies:
    arrify "^1.0.0"
    chalk "^2.3.0"
    diff "^3.1.0"
    make-error "^1.1.1"
    minimist "^1.2.0"
    mkdirp "^0.5.1"
    source-map-support "^0.5.3"
    yn "^2.0.0"

ultron@~1.1.0:
  version "1.1.1"
  resolved "https://registry.yarnpkg.com/ultron/-/ultron-1.1.1.tgz#9fe1536a10a664a65266a1e3ccf85fd36302bc9c"

uuid@^3.1.0:
  version "3.2.1"
  resolved "https://registry.yarnpkg.com/uuid/-/uuid-3.2.1.tgz#12c528bb9d58d0b9265d9a2f6f0fe8be17ff1f14"

whatwg-fetch@2.0.3:
  version "2.0.3"
  resolved "https://registry.yarnpkg.com/whatwg-fetch/-/whatwg-fetch-2.0.3.tgz#9c84ec2dcf68187ff00bc64e1274b442176e1c84"

which-module@^2.0.0:
  version "2.0.0"
  resolved "https://registry.yarnpkg.com/which-module/-/which-module-2.0.0.tgz#d9ef07dce77b9902b8a3a8fa4b31c3e3f7e6e87a"

which@^1.2.9:
  version "1.3.0"
  resolved "https://registry.yarnpkg.com/which/-/which-1.3.0.tgz#ff04bdfc010ee547d780bec38e1ac1c2777d253a"
  dependencies:
    isexe "^2.0.0"

wrap-ansi@^2.0.0:
  version "2.1.0"
  resolved "https://registry.yarnpkg.com/wrap-ansi/-/wrap-ansi-2.1.0.tgz#d8fc3d284dd05794fe84973caecdd1cf824fdd85"
  dependencies:
    string-width "^1.0.1"
    strip-ansi "^3.0.1"

ws@^3.0.0:
  version "3.3.3"
  resolved "https://registry.yarnpkg.com/ws/-/ws-3.3.3.tgz#f1cf84fe2d5e901ebce94efaece785f187a228f2"
  dependencies:
    async-limiter "~1.0.0"
    safe-buffer "~5.1.0"
    ultron "~1.1.0"

xtend@^4.0.1:
  version "4.0.1"
  resolved "https://registry.yarnpkg.com/xtend/-/xtend-4.0.1.tgz#a5c6d532be656e23db820efb943a1f04998d63af"

y18n@^3.2.1:
  version "3.2.1"
  resolved "https://registry.yarnpkg.com/y18n/-/y18n-3.2.1.tgz#6d15fba884c08679c0d77e88e7759e811e07fa41"

yallist@^2.1.2:
  version "2.1.2"
  resolved "https://registry.yarnpkg.com/yallist/-/yallist-2.1.2.tgz#1c11f9218f076089a47dd512f93c6699a6a81d52"

yargs-parser@^9.0.2:
  version "9.0.2"
  resolved "https://registry.yarnpkg.com/yargs-parser/-/yargs-parser-9.0.2.tgz#9ccf6a43460fe4ed40a9bb68f48d43b8a68cc077"
  dependencies:
    camelcase "^4.1.0"

yargs@^11.0.0:
  version "11.0.0"
  resolved "https://registry.yarnpkg.com/yargs/-/yargs-11.0.0.tgz#c052931006c5eee74610e5fc0354bedfd08a201b"
  dependencies:
    cliui "^4.0.0"
    decamelize "^1.1.1"
    find-up "^2.1.0"
    get-caller-file "^1.0.1"
    os-locale "^2.0.0"
    require-directory "^2.1.1"
    require-main-filename "^1.0.1"
    set-blocking "^2.0.0"
    string-width "^2.0.0"
    which-module "^2.0.0"
    y18n "^3.2.1"
    yargs-parser "^9.0.2"

yn@^2.0.0:
  version "2.0.0"
  resolved "https://registry.yarnpkg.com/yn/-/yn-2.0.0.tgz#e5adabc8acf408f6385fc76495684c88e6af689a"

zen-observable-ts@^0.8.6, zen-observable-ts@^0.8.9:
  version "0.8.9"
  resolved "https://registry.yarnpkg.com/zen-observable-ts/-/zen-observable-ts-0.8.9.tgz#d3c97af08c0afdca37ebcadf7cc3ee96bda9bab1"
  dependencies:
    zen-observable "^0.8.0"

zen-observable@^0.8.0:
  version "0.8.8"
  resolved "https://registry.yarnpkg.com/zen-observable/-/zen-observable-0.8.8.tgz#1ea93995bf098754a58215a1e0a7309e5749ec42"
